
Microsoft Visual Studio Solution File, Format Version 12.00
# Visual Studio Version 17
VisualStudioVersion = 17.6.33829.357
MinimumVisualStudioVersion = 10.0.40219.1
Project("{9A19103F-16F7-4668-BE54-9A1E7A4F7556}") = "DataAccess", "DataAccess\DataAccess.csproj", "{1889F314-474D-4805-9690-202EC30875C9}"
EndProject
Project("{9A19103F-16F7-4668-BE54-9A1E7A4F7556}") = "Business", "Business\Business.csproj", "{E28797BD-C47F-4006-B390-24C09AC3B29C}"
EndProject
Project("{9A19103F-16F7-4668-BE54-9A1E7A4F7556}") = "Entities", "Entities\Entities.csproj", "{E7154B22-9824-48C4-AA6B-2DA9F62B1BF4}"
EndProject
Project("{9A19103F-16F7-4668-BE54-9A1E7A4F7556}") = "ConsoleUi", "ConsoleUi\ConsoleUi.csproj", "{E14900C6-A913-4B8D-BEDD-7484D132D291}"
EndProject
Project("{9A19103F-16F7-4668-BE54-9A1E7A4F7556}") = "Core", "Core\Core.csproj", "{DA72AD7F-EDD4-407C-9D28-5D0B7FC6157B}"
EndProject
Project("{FAE04EC0-301F-11D3-BF4B-00C04F79EFBC}") = "WebAPI", "WebAPI\WebAPI.csproj", "{64830D67-B089-41F0-883A-DE12A5E15291}"
EndProject
Global
	GlobalSection(SolutionConfigurationPlatforms) = preSolution
		Debug|Any CPU = Debug|Any CPU
		Release|Any CPU = Release|Any CPU
	EndGlobalSection
	GlobalSection(ProjectConfigurationPlatforms) = postSolution
		{1889F314-474D-4805-9690-202EC30875C9}.Debug|Any CPU.ActiveCfg = Debug|Any CPU
		{1889F314-474D-4805-9690-202EC30875C9}.Debug|Any CPU.Build.0 = Debug|Any CPU
		{1889F314-474D-4805-9690-202EC30875C9}.Release|Any CPU.ActiveCfg = Release|Any CPU
		{1889F314-474D-4805-9690-202EC30875C9}.Release|Any CPU.Build.0 = Release|Any CPU
		{E28797BD-C47F-4006-B390-24C09AC3B29C}.Debug|Any CPU.ActiveCfg = Debug|Any CPU
		{E28797BD-C47F-4006-B390-24C09AC3B29C}.Debug|Any CPU.Build.0 = Debug|Any CPU
		{E28797BD-C47F-4006-B390-24C09AC3B29C}.Release|Any CPU.ActiveCfg = Release|Any CPU
		{E28797BD-C47F-4006-B390-24C09AC3B29C}.Release|Any CPU.Build.0 = Release|Any CPU
		{E7154B22-9824-48C4-AA6B-2DA9F62B1BF4}.Debug|Any CPU.ActiveCfg = Debug|Any CPU
		{E7154B22-9824-48C4-AA6B-2DA9F62B1BF4}.Debug|Any CPU.Build.0 = Debug|Any CPU
		{E7154B22-9824-48C4-AA6B-2DA9F62B1BF4}.Release|Any CPU.ActiveCfg = Release|Any CPU
		{E7154B22-9824-48C4-AA6B-2DA9F62B1BF4}.Release|Any CPU.Build.0 = Release|Any CPU
		{E14900C6-A913-4B8D-BEDD-7484D132D291}.Debug|Any CPU.ActiveCfg = Debug|Any CPU
		{E14900C6-A913-4B8D-BEDD-7484D132D291}.Debug|Any CPU.Build.0 = Debug|Any CPU
		{E14900C6-A913-4B8D-BEDD-7484D132D291}.Release|Any CPU.ActiveCfg = Release|Any CPU
		{E14900C6-A913-4B8D-BEDD-7484D132D291}.Release|Any CPU.Build.0 = Release|Any CPU
		{DA72AD7F-EDD4-407C-9D28-5D0B7FC6157B}.Debug|Any CPU.ActiveCfg = Debug|Any CPU
		{DA72AD7F-EDD4-407C-9D28-5D0B7FC6157B}.Debug|Any CPU.Build.0 = Debug|Any CPU
		{DA72AD7F-EDD4-407C-9D28-5D0B7FC6157B}.Release|Any CPU.ActiveCfg = Release|Any CPU
		{DA72AD7F-EDD4-407C-9D28-5D0B7FC6157B}.Release|Any CPU.Build.0 = Release|Any CPU
		{64830D67-B089-41F0-883A-DE12A5E15291}.Debug|Any CPU.ActiveCfg = Debug|Any CPU
		{64830D67-B089-41F0-883A-DE12A5E15291}.Debug|Any CPU.Build.0 = Debug|Any CPU
		{64830D67-B089-41F0-883A-DE12A5E15291}.Release|Any CPU.ActiveCfg = Release|Any CPU
		{64830D67-B089-41F0-883A-DE12A5E15291}.Release|Any CPU.Build.0 = Release|Any CPU
	EndGlobalSection
	GlobalSection(SolutionProperties) = preSolution
		HideSolutionNode = FALSE
	EndGlobalSection
	GlobalSection(ExtensibilityGlobals) = postSolution
		SolutionGuid = {5ECA1A0E-5E88-47EB-B42B-8F1132A4E384}
	EndGlobalSection
EndGlobal
